
Microsoft Visual Studio Solution File, Format Version 12.00
# Visual Studio 14
VisualStudioVersion = 14.0.25420.1
MinimumVisualStudioVersion = 10.0.40219.1
Project("{FAE04EC0-301F-11D3-BF4B-00C04F79EFBC}") = "SportsStore.Domain", "SportsStore.Domain\SportsStore.Domain.csproj", "{F23D2FD8-F416-401F-B051-2253B50335EE}"
EndProject
Project("{FAE04EC0-301F-11D3-BF4B-00C04F79EFBC}") = "SportsStore.WebUI", "SportsStore.WebUI\SportsStore.WebUI.csproj", "{D54BC53C-D04E-4F4B-97A0-D4745193650A}"
EndProject
Project("{FAE04EC0-301F-11D3-BF4B-00C04F79EFBC}") = "SportsStore.UnitTests", "SportsStore.UnitTests\SportsStore.UnitTests.csproj", "{2848EEC4-53CB-414E-A2A2-FAD82577B8F7}"
EndProject
Global
	GlobalSection(SolutionConfigurationPlatforms) = preSolution
		Debug|Any CPU = Debug|Any CPU
		Release|Any CPU = Release|Any CPU
	EndGlobalSection
	GlobalSection(ProjectConfigurationPlatforms) = postSolution
		{F23D2FD8-F416-401F-B051-2253B50335EE}.Debug|Any CPU.ActiveCfg = Debug|Any CPU
		{F23D2FD8-F416-401F-B051-2253B50335EE}.Debug|Any CPU.Build.0 = Debug|Any CPU
		{F23D2FD8-F416-401F-B051-2253B50335EE}.Debug|Any CPU.Deploy.0 = Debug|Any CPU
		{F23D2FD8-F416-401F-B051-2253B50335EE}.Release|Any CPU.ActiveCfg = Release|Any CPU
		{F23D2FD8-F416-401F-B051-2253B50335EE}.Release|Any CPU.Build.0 = Release|Any CPU
		{D54BC53C-D04E-4F4B-97A0-D4745193650A}.Debug|Any CPU.ActiveCfg = Debug|Any CPU
		{D54BC53C-D04E-4F4B-97A0-D4745193650A}.Debug|Any CPU.Build.0 = Debug|Any CPU
		{D54BC53C-D04E-4F4B-97A0-D4745193650A}.Debug|Any CPU.Deploy.0 = Debug|Any CPU
		{D54BC53C-D04E-4F4B-97A0-D4745193650A}.Release|Any CPU.ActiveCfg = Release|Any CPU
		{D54BC53C-D04E-4F4B-97A0-D4745193650A}.Release|Any CPU.Build.0 = Release|Any CPU
		{2848EEC4-53CB-414E-A2A2-FAD82577B8F7}.Debug|Any CPU.ActiveCfg = Debug|Any CPU
		{2848EEC4-53CB-414E-A2A2-FAD82577B8F7}.Debug|Any CPU.Build.0 = Debug|Any CPU
		{2848EEC4-53CB-414E-A2A2-FAD82577B8F7}.Debug|Any CPU.Deploy.0 = Debug|Any CPU
		{2848EEC4-53CB-414E-A2A2-FAD82577B8F7}.Release|Any CPU.ActiveCfg = Release|Any CPU
		{2848EEC4-53CB-414E-A2A2-FAD82577B8F7}.Release|Any CPU.Build.0 = Release|Any CPU
	EndGlobalSection
	GlobalSection(SolutionProperties) = preSolution
		HideSolutionNode = FALSE
	EndGlobalSection
EndGlobal
